
Microsoft Visual Studio Solution File, Format Version 12.00
# Visual Studio Version 17
VisualStudioVersion = 17.8.34525.116
MinimumVisualStudioVersion = 10.0.40219.1
Project("{FAE04EC0-301F-11D3-BF4B-00C04F79EFBC}") = "Semana9WindowsForms", "Semana9WindowsForms\Semana9WindowsForms.csproj", "{549C4AAC-9B6B-4561-B49C-4A1D90051BBC}"
EndProject
Global
	GlobalSection(SolutionConfigurationPlatforms) = preSolution
		Debug|Any CPU = Debug|Any CPU
		Release|Any CPU = Release|Any CPU
	EndGlobalSection
	GlobalSection(ProjectConfigurationPlatforms) = postSolution
		{549C4AAC-9B6B-4561-B49C-4A1D90051BBC}.Debug|Any CPU.ActiveCfg = Debug|Any CPU
		{549C4AAC-9B6B-4561-B49C-4A1D90051BBC}.Debug|Any CPU.Build.0 = Debug|Any CPU
		{549C4AAC-9B6B-4561-B49C-4A1D90051BBC}.Release|Any CPU.ActiveCfg = Release|Any CPU
		{549C4AAC-9B6B-4561-B49C-4A1D90051BBC}.Release|Any CPU.Build.0 = Release|Any CPU
	EndGlobalSection
	GlobalSection(SolutionProperties) = preSolution
		HideSolutionNode = FALSE
	EndGlobalSection
	GlobalSection(ExtensibilityGlobals) = postSolution
		SolutionGuid = {FABE96EF-73EA-4C97-AAF2-08AE58791666}
	EndGlobalSection
EndGlobal
