
Microsoft Visual Studio Solution File, Format Version 12.00
# Visual Studio Version 17
VisualStudioVersion = 17.8.34525.116
MinimumVisualStudioVersion = 10.0.40219.1
Project("{FAE04EC0-301F-11D3-BF4B-00C04F79EFBC}") = "Parcial1Programacion1-2", "Parcial1Programacion1-2\Parcial1Programacion1-2.csproj", "{F1E44935-34CA-47F3-A627-C6B2814E26B8}"
EndProject
Global
	GlobalSection(SolutionConfigurationPlatforms) = preSolution
		Debug|Any CPU = Debug|Any CPU
		Release|Any CPU = Release|Any CPU
	EndGlobalSection
	GlobalSection(ProjectConfigurationPlatforms) = postSolution
		{F1E44935-34CA-47F3-A627-C6B2814E26B8}.Debug|Any CPU.ActiveCfg = Debug|Any CPU
		{F1E44935-34CA-47F3-A627-C6B2814E26B8}.Debug|Any CPU.Build.0 = Debug|Any CPU
		{F1E44935-34CA-47F3-A627-C6B2814E26B8}.Release|Any CPU.ActiveCfg = Release|Any CPU
		{F1E44935-34CA-47F3-A627-C6B2814E26B8}.Release|Any CPU.Build.0 = Release|Any CPU
	EndGlobalSection
	GlobalSection(SolutionProperties) = preSolution
		HideSolutionNode = FALSE
	EndGlobalSection
	GlobalSection(ExtensibilityGlobals) = postSolution
		SolutionGuid = {01A03452-3016-47D9-ADBA-0FCC6CE24DD6}
	EndGlobalSection
EndGlobal
